
Microsoft Visual Studio Solution File, Format Version 12.00
# Visual Studio Version 17
VisualStudioVersion = 17.1.32228.430
MinimumVisualStudioVersion = 10.0.40219.1
Project("{FAE04EC0-301F-11D3-BF4B-00C04F79EFBC}") = "Website", "Website\Website.csproj", "{C0498FA5-3DD8-492C-B3F0-FF7FFD627262}"
EndProject
Global
	GlobalSection(SolutionConfigurationPlatforms) = preSolution
		Debug|Any CPU = Debug|Any CPU
		Release|Any CPU = Release|Any CPU
	EndGlobalSection
	GlobalSection(ProjectConfigurationPlatforms) = postSolution
		{C0498FA5-3DD8-492C-B3F0-FF7FFD627262}.Debug|Any CPU.ActiveCfg = Debug|Any CPU
		{C0498FA5-3DD8-492C-B3F0-FF7FFD627262}.Debug|Any CPU.Build.0 = Debug|Any CPU
		{C0498FA5-3DD8-492C-B3F0-FF7FFD627262}.Release|Any CPU.ActiveCfg = Release|Any CPU
		{C0498FA5-3DD8-492C-B3F0-FF7FFD627262}.Release|Any CPU.Build.0 = Release|Any CPU
	EndGlobalSection
	GlobalSection(SolutionProperties) = preSolution
		HideSolutionNode = FALSE
	EndGlobalSection
	GlobalSection(ExtensibilityGlobals) = postSolution
		SolutionGuid = {7271FB5C-8E1A-45F2-87DD-1BEC89BCB5C5}
	EndGlobalSection
EndGlobal
